schema: '2.0'
stages:
  standardize:
    cmd: python standard_scaler.py data\raw\data.csv data\prepared\standard.csv
    deps:
    - path: data\raw\data.csv
      md5: b36d40ee963b3de7ba78e86d01b4004a
      size: 43689903
    - path: standard_scaler.py
      md5: 57e8ac919da881ba61952678753f4e06
      size: 792
    params:
      params.yaml:
        preprocess.seed: 2
    outs:
    - path: data\prepared
      md5: 0f1119b0110eb9f893be4dcb6bf44ac0.dir
      size: 55908183
      nfiles: 1
  pca_optimal:
    cmd: python pca_optimal.py data\prepared\standard.csv data\prepared2\pca_optimal.csv
    deps:
    - path: data\prepared\standard.csv
      md5: d7139225230b9bec8907a75005e03f68
      size: 55908183
    - path: pca_optimal.py
      md5: b2763131d2b5056ce2c09d76ea6c84ad
      size: 1143
    params:
      params.yaml:
        preprocess.seed: 2
        preprocess.var_threshold: 0.9
    outs:
    - path: data\prepared2
      md5: ed11fc1a370c28b65cbd09c08e0bf46a.dir
      size: 48184664
      nfiles: 1
  dbscan:
    cmd: python dbscan.py data\prepared2\pca_optimal.csv model11.p
    deps:
    - path: data\prepared2\pca_optimal.csv
      md5: bbbed8628c5840431ecfab26684f1c99
      size: 48184664
    - path: dbscan.py
      md5: 8f6a1df0b26bfaabb1330c92c98217b6
      size: 775
    params:
      params.yaml:
        dbscan.epsilon: 0.3
        dbscan.metric: cosine
        dbscan.min_samples: 2
        dbscan.seed: 2
    outs:
    - path: data\models
      md5: 6e3189baf12554b8b1fc51f141186349.dir
      size: 20690601
      nfiles: 1
