schema: '2.0'
stages:
  normalize:
    cmd: python minmax_scaler.py data\raw\data.csv data\prepared\minmax.csv
    deps:
    - path: data\raw\data.csv
      md5: b36d40ee963b3de7ba78e86d01b4004a
      size: 43689903
    - path: minmax_scaler.py
      md5: 474a64829a932bfc716e4e134d7a3dc6
      size: 786
    params:
      params.yaml:
        preprocess.seed: 2
    outs:
    - path: data\prepared
      md5: cbccbbb2e395e4794b88474429f18848.dir
      size: 52017796
      nfiles: 1
  pca_optimal:
    cmd: python pca_optimal.py data\prepared\minmax.csv data\prepared2\pca_optimal.csv
    deps:
    - path: data\prepared\minmax.csv
      md5: a55d958af95819f81b06c93cee3879e2
      size: 52017796
    - path: pca_optimal.py
      md5: b2763131d2b5056ce2c09d76ea6c84ad
      size: 1143
    params:
      params.yaml:
        preprocess.seed: 2
        preprocess.var_threshold: 0.95
    outs:
    - path: data\prepared2
      md5: 761ec30167f68f4f2948d990a9fb4e41.dir
      size: 54578878
      nfiles: 1
  dbscan:
    cmd: python dbscan.py data\prepared2\pca_optimal.csv model10.p
    deps:
    - path: data\prepared2\pca_optimal.csv
      md5: 7b50f1651499e083b0718358dac0055f
      size: 54578878
    - path: dbscan.py
      md5: 15d640f2724a0adc9f1f02c4b2b7cb13
      size: 750
    params:
      params.yaml:
        dbscan.epsilon: 0.4
        dbscan.metric: euclidean
        dbscan.min_samples: 5
        dbscan.seed: 2
    outs:
    - path: data\models
      md5: 6cf20394e1b55477c178a521a00b246c.dir
      size: 2549245
      nfiles: 1
