schema: '2.0'
stages:
  standardize:
    cmd: python standard_scaler.py data\raw\data.csv data\prepared\standard.csv
    deps:
    - path: data\raw\data.csv
      md5: b36d40ee963b3de7ba78e86d01b4004a
      size: 43689903
    - path: standard_scaler.py
      md5: 57e8ac919da881ba61952678753f4e06
      size: 792
    params:
      params.yaml:
        preprocess.seed: 2
    outs:
    - path: data\prepared
      md5: 0f1119b0110eb9f893be4dcb6bf44ac0.dir
      size: 55908183
      nfiles: 1
  umap:
    cmd: python unimap.py data\prepared\standard.csv data\prepared2\unimap.csv
    deps:
    - path: data\prepared\standard.csv
      md5: d7139225230b9bec8907a75005e03f68
      size: 55908183
    - path: unimap.py
      md5: 2eca858197008010493ceff79c592f3c
      size: 923
    params:
      params.yaml:
        preprocess.seed: 2
        preprocess.umap:
          n_neighbors: 10
          n_components: 3
          min_dist: 0.2
    outs:
    - path: data\prepared2
      md5: 94b8025e866ab4b900d69201e262c123.dir
      size: 2888643
      nfiles: 1
  dbscan:
    cmd: python dbscan.py data\prepared2\unimap.csv model15.p
    deps:
    - path: data\prepared2\unimap.csv
      md5: d3c22db2b131144969e2f616d5365ed3
      size: 2888643
    - path: dbscan.py
      md5: 15d640f2724a0adc9f1f02c4b2b7cb13
      size: 750
    params:
      params.yaml:
        dbscan.epsilon: 0.15
        dbscan.metric: euclidean
        dbscan.min_samples: 5
        dbscan.seed: 2
    outs:
    - path: data\models
      md5: 3ea61cfff1b59ebed7ea5243e83ba9a2.dir
      size: 3881952
      nfiles: 1
