schema: '2.0'
stages:
  standardize:
    cmd: python standard_scaler.py data\raw\data.csv data\prepared\standard.csv
    deps:
    - path: data\raw\data.csv
      md5: b36d40ee963b3de7ba78e86d01b4004a
      size: 43689903
    - path: standard_scaler.py
      md5: 57e8ac919da881ba61952678753f4e06
      size: 792
    params:
      params.yaml:
        preprocess.seed: 2
    outs:
    - path: data\prepared
      md5: 0f1119b0110eb9f893be4dcb6bf44ac0.dir
      size: 55908183
      nfiles: 1
  umap:
    cmd: python unimap.py data\prepared\standard.csv data\prepared2\unimap.csv
    deps:
    - path: data\prepared\standard.csv
      md5: d7139225230b9bec8907a75005e03f68
      size: 55908183
    - path: unimap.py
      md5: 2eca858197008010493ceff79c592f3c
      size: 923
    params:
      params.yaml:
        preprocess.seed: 2
        preprocess.umap:
          n_neighbors: 10
          n_components: 2
          min_dist: 0.2
    outs:
    - path: data\prepared2
      md5: 51b9ed64de6ec3fbac77ff1b3ebafd5c.dir
      size: 1969660
      nfiles: 1
  dbscan:
    cmd: python dbscan.py data\prepared2\unimap.csv model16.p
    deps:
    - path: data\prepared2\unimap.csv
      md5: 8381f72115e6f6de0b7a8665d0da7b66
      size: 1969660
    - path: dbscan.py
      md5: 15d640f2724a0adc9f1f02c4b2b7cb13
      size: 750
    params:
      params.yaml:
        dbscan.epsilon: 0.15
        dbscan.min_samples: 3
        dbscan.seed: 2
    outs:
    - path: data\models
      md5: e9151252153578706edd26448259a3d4.dir
      size: 3136442
      nfiles: 1
