schema: '2.0'
stages:
  normalize:
    cmd: python minmax_scaler.py data\raw\data.csv data\prepared\minmax.csv
    deps:
    - path: data\raw\data.csv
      md5: b36d40ee963b3de7ba78e86d01b4004a
      size: 43689903
    - path: minmax_scaler.py
      md5: 474a64829a932bfc716e4e134d7a3dc6
      size: 786
    params:
      params.yaml:
        preprocess.seed: 2
    outs:
    - path: data\prepared
      md5: cbccbbb2e395e4794b88474429f18848.dir
      size: 52017796
      nfiles: 1
  pca_optimal:
    cmd: python pca_optimal.py data\prepared\minmax.csv data\prepared2\pca_optimal.csv
    deps:
    - path: data\prepared\minmax.csv
      md5: a55d958af95819f81b06c93cee3879e2
      size: 52017796
    - path: pca_optimal.py
      md5: b2763131d2b5056ce2c09d76ea6c84ad
      size: 1143
    params:
      params.yaml:
        preprocess.seed: 2
        preprocess.var_threshold: 0.9
    outs:
    - path: data\prepared2
      md5: 5a3c361f616101ed8dea9c0c8fba590d.dir
      size: 50523941
      nfiles: 1
  dbscan:
    cmd: python dbscan.py data\prepared2\pca_optimal.csv model9.p
    deps:
    - path: data\prepared2\pca_optimal.csv
      md5: 2b038dadea57c192a328f2221780e7ec
      size: 50523941
    - path: dbscan.py
      md5: 15d640f2724a0adc9f1f02c4b2b7cb13
      size: 750
    params:
      params.yaml:
        dbscan.epsilon: 0.15
        dbscan.min_samples: 3
        dbscan.seed: 2
    outs:
    - path: data\models
      md5: 97d05272795ea8079fe45307d95f7496.dir
      size: 784765
      nfiles: 1
